
Microsoft Visual Studio Solution File, Format Version 12.00
# Visual Studio 15
VisualStudioVersion = 15.0.28010.2016
MinimumVisualStudioVersion = 10.0.40219.1
Project("{FAE04EC0-301F-11D3-BF4B-00C04F79EFBC}") = "FileHierarchyToJSONConverter", "FileHierarchyToJSONConverter\FileHierarchyToJSONConverter.csproj", "{A3F8F8EC-A28A-46CA-8A4E-0BF0A96CE33D}"
EndProject
Global
	GlobalSection(SolutionConfigurationPlatforms) = preSolution
		Debug|Any CPU = Debug|Any CPU
		Release|Any CPU = Release|Any CPU
	EndGlobalSection
	GlobalSection(ProjectConfigurationPlatforms) = postSolution
		{A3F8F8EC-A28A-46CA-8A4E-0BF0A96CE33D}.Debug|Any CPU.ActiveCfg = Debug|Any CPU
		{A3F8F8EC-A28A-46CA-8A4E-0BF0A96CE33D}.Debug|Any CPU.Build.0 = Debug|Any CPU
		{A3F8F8EC-A28A-46CA-8A4E-0BF0A96CE33D}.Release|Any CPU.ActiveCfg = Release|Any CPU
		{A3F8F8EC-A28A-46CA-8A4E-0BF0A96CE33D}.Release|Any CPU.Build.0 = Release|Any CPU
	EndGlobalSection
	GlobalSection(SolutionProperties) = preSolution
		HideSolutionNode = FALSE
	EndGlobalSection
	GlobalSection(ExtensibilityGlobals) = postSolution
		SolutionGuid = {72CE8454-252A-4C82-87E0-59CD340D68F7}
	EndGlobalSection
EndGlobal
